
Microsoft Visual Studio Solution File, Format Version 12.00
# Visual Studio 14
VisualStudioVersion = 14.0.25123.0
MinimumVisualStudioVersion = 10.0.40219.1
Project("{FAE04EC0-301F-11D3-BF4B-00C04F79EFBC}") = "456. 132 Pattern", "456. 132 Pattern\456. 132 Pattern.csproj", "{F9D7E2B2-8581-488A-BFC9-B647CD9FCB28}"
EndProject
Project("{FAE04EC0-301F-11D3-BF4B-00C04F79EFBC}") = "Two Sum", "Two Sum\Two Sum.csproj", "{6FF437FF-DD99-4921-8B5B-E70028CAAA86}"
EndProject
Project("{FAE04EC0-301F-11D3-BF4B-00C04F79EFBC}") = "2. Add Two Numbers", "2. Add Two Numbers\2. Add Two Numbers.csproj", "{28B27FCE-340D-4117-9863-1D0205E63F5F}"
EndProject
Project("{FAE04EC0-301F-11D3-BF4B-00C04F79EFBC}") = "3. Longest Substring Without Repeating Characters", "3. Longest Substring Without Repeating Characters\3. Longest Substring Without Repeating Characters.csproj", "{D2E03C0D-6B5C-487E-A04B-D67048FA57BF}"
EndProject
Project("{FAE04EC0-301F-11D3-BF4B-00C04F79EFBC}") = "4. Median of Two Sorted Arrays", "4. Median of Two Sorted Arrays\4. Median of Two Sorted Arrays.csproj", "{8DE06E45-6435-4BD2-A88D-5B3C17188875}"
EndProject
Project("{FAE04EC0-301F-11D3-BF4B-00C04F79EFBC}") = "5. Longest Palindromic Substring", "5. Longest Palindromic Substring\5. Longest Palindromic Substring.csproj", "{1615BD56-7A07-47D4-9E13-52E6E0599A57}"
EndProject
Project("{8BC9CEB8-8B4A-11D0-8D11-00A0C91BC942}") = "testCpp", "testCpp\testCpp.vcxproj", "{F486F67F-5163-49E1-9DCF-0B6B3EF662E5}"
EndProject
Project("{FAE04EC0-301F-11D3-BF4B-00C04F79EFBC}") = "540. Single Element in a Sorted Array", "540. Single Element in a Sorted Array\540. Single Element in a Sorted Array.csproj", "{EB661CD4-1B69-4F72-8731-0A3E4525F7B8}"
EndProject
Global
	GlobalSection(SolutionConfigurationPlatforms) = preSolution
		Debug|Any CPU = Debug|Any CPU
		Debug|x64 = Debug|x64
		Debug|x86 = Debug|x86
		Release|Any CPU = Release|Any CPU
		Release|x64 = Release|x64
		Release|x86 = Release|x86
	EndGlobalSection
	GlobalSection(ProjectConfigurationPlatforms) = postSolution
		{F9D7E2B2-8581-488A-BFC9-B647CD9FCB28}.Debug|Any CPU.ActiveCfg = Debug|Any CPU
		{F9D7E2B2-8581-488A-BFC9-B647CD9FCB28}.Debug|Any CPU.Build.0 = Debug|Any CPU
		{F9D7E2B2-8581-488A-BFC9-B647CD9FCB28}.Debug|x64.ActiveCfg = Debug|Any CPU
		{F9D7E2B2-8581-488A-BFC9-B647CD9FCB28}.Debug|x64.Build.0 = Debug|Any CPU
		{F9D7E2B2-8581-488A-BFC9-B647CD9FCB28}.Debug|x86.ActiveCfg = Debug|Any CPU
		{F9D7E2B2-8581-488A-BFC9-B647CD9FCB28}.Debug|x86.Build.0 = Debug|Any CPU
		{F9D7E2B2-8581-488A-BFC9-B647CD9FCB28}.Release|Any CPU.ActiveCfg = Release|Any CPU
		{F9D7E2B2-8581-488A-BFC9-B647CD9FCB28}.Release|Any CPU.Build.0 = Release|Any CPU
		{F9D7E2B2-8581-488A-BFC9-B647CD9FCB28}.Release|x64.ActiveCfg = Release|Any CPU
		{F9D7E2B2-8581-488A-BFC9-B647CD9FCB28}.Release|x64.Build.0 = Release|Any CPU
		{F9D7E2B2-8581-488A-BFC9-B647CD9FCB28}.Release|x86.ActiveCfg = Release|Any CPU
		{F9D7E2B2-8581-488A-BFC9-B647CD9FCB28}.Release|x86.Build.0 = Release|Any CPU
		{6FF437FF-DD99-4921-8B5B-E70028CAAA86}.Debug|Any CPU.ActiveCfg = Debug|Any CPU
		{6FF437FF-DD99-4921-8B5B-E70028CAAA86}.Debug|Any CPU.Build.0 = Debug|Any CPU
		{6FF437FF-DD99-4921-8B5B-E70028CAAA86}.Debug|x64.ActiveCfg = Debug|Any CPU
		{6FF437FF-DD99-4921-8B5B-E70028CAAA86}.Debug|x64.Build.0 = Debug|Any CPU
		{6FF437FF-DD99-4921-8B5B-E70028CAAA86}.Debug|x86.ActiveCfg = Debug|Any CPU
		{6FF437FF-DD99-4921-8B5B-E70028CAAA86}.Debug|x86.Build.0 = Debug|Any CPU
		{6FF437FF-DD99-4921-8B5B-E70028CAAA86}.Release|Any CPU.ActiveCfg = Release|Any CPU
		{6FF437FF-DD99-4921-8B5B-E70028CAAA86}.Release|Any CPU.Build.0 = Release|Any CPU
		{6FF437FF-DD99-4921-8B5B-E70028CAAA86}.Release|x64.ActiveCfg = Release|Any CPU
		{6FF437FF-DD99-4921-8B5B-E70028CAAA86}.Release|x64.Build.0 = Release|Any CPU
		{6FF437FF-DD99-4921-8B5B-E70028CAAA86}.Release|x86.ActiveCfg = Release|Any CPU
		{6FF437FF-DD99-4921-8B5B-E70028CAAA86}.Release|x86.Build.0 = Release|Any CPU
		{28B27FCE-340D-4117-9863-1D0205E63F5F}.Debug|Any CPU.ActiveCfg = Debug|Any CPU
		{28B27FCE-340D-4117-9863-1D0205E63F5F}.Debug|Any CPU.Build.0 = Debug|Any CPU
		{28B27FCE-340D-4117-9863-1D0205E63F5F}.Debug|x64.ActiveCfg = Debug|Any CPU
		{28B27FCE-340D-4117-9863-1D0205E63F5F}.Debug|x64.Build.0 = Debug|Any CPU
		{28B27FCE-340D-4117-9863-1D0205E63F5F}.Debug|x86.ActiveCfg = Debug|Any CPU
		{28B27FCE-340D-4117-9863-1D0205E63F5F}.Debug|x86.Build.0 = Debug|Any CPU
		{28B27FCE-340D-4117-9863-1D0205E63F5F}.Release|Any CPU.ActiveCfg = Release|Any CPU
		{28B27FCE-340D-4117-9863-1D0205E63F5F}.Release|Any CPU.Build.0 = Release|Any CPU
		{28B27FCE-340D-4117-9863-1D0205E63F5F}.Release|x64.ActiveCfg = Release|Any CPU
		{28B27FCE-340D-4117-9863-1D0205E63F5F}.Release|x64.Build.0 = Release|Any CPU
		{28B27FCE-340D-4117-9863-1D0205E63F5F}.Release|x86.ActiveCfg = Release|Any CPU
		{28B27FCE-340D-4117-9863-1D0205E63F5F}.Release|x86.Build.0 = Release|Any CPU
		{D2E03C0D-6B5C-487E-A04B-D67048FA57BF}.Debug|Any CPU.ActiveCfg = Debug|Any CPU
		{D2E03C0D-6B5C-487E-A04B-D67048FA57BF}.Debug|Any CPU.Build.0 = Debug|Any CPU
		{D2E03C0D-6B5C-487E-A04B-D67048FA57BF}.Debug|x64.ActiveCfg = Debug|Any CPU
		{D2E03C0D-6B5C-487E-A04B-D67048FA57BF}.Debug|x64.Build.0 = Debug|Any CPU
		{D2E03C0D-6B5C-487E-A04B-D67048FA57BF}.Debug|x86.ActiveCfg = Debug|Any CPU
		{D2E03C0D-6B5C-487E-A04B-D67048FA57BF}.Debug|x86.Build.0 = Debug|Any CPU
		{D2E03C0D-6B5C-487E-A04B-D67048FA57BF}.Release|Any CPU.ActiveCfg = Release|Any CPU
		{D2E03C0D-6B5C-487E-A04B-D67048FA57BF}.Release|Any CPU.Build.0 = Release|Any CPU
		{D2E03C0D-6B5C-487E-A04B-D67048FA57BF}.Release|x64.ActiveCfg = Release|Any CPU
		{D2E03C0D-6B5C-487E-A04B-D67048FA57BF}.Release|x64.Build.0 = Release|Any CPU
		{D2E03C0D-6B5C-487E-A04B-D67048FA57BF}.Release|x86.ActiveCfg = Release|Any CPU
		{D2E03C0D-6B5C-487E-A04B-D67048FA57BF}.Release|x86.Build.0 = Release|Any CPU
		{8DE06E45-6435-4BD2-A88D-5B3C17188875}.Debug|Any CPU.ActiveCfg = Debug|Any CPU
		{8DE06E45-6435-4BD2-A88D-5B3C17188875}.Debug|Any CPU.Build.0 = Debug|Any CPU
		{8DE06E45-6435-4BD2-A88D-5B3C17188875}.Debug|x64.ActiveCfg = Debug|Any CPU
		{8DE06E45-6435-4BD2-A88D-5B3C17188875}.Debug|x64.Build.0 = Debug|Any CPU
		{8DE06E45-6435-4BD2-A88D-5B3C17188875}.Debug|x86.ActiveCfg = Debug|Any CPU
		{8DE06E45-6435-4BD2-A88D-5B3C17188875}.Debug|x86.Build.0 = Debug|Any CPU
		{8DE06E45-6435-4BD2-A88D-5B3C17188875}.Release|Any CPU.ActiveCfg = Release|Any CPU
		{8DE06E45-6435-4BD2-A88D-5B3C17188875}.Release|Any CPU.Build.0 = Release|Any CPU
		{8DE06E45-6435-4BD2-A88D-5B3C17188875}.Release|x64.ActiveCfg = Release|Any CPU
		{8DE06E45-6435-4BD2-A88D-5B3C17188875}.Release|x64.Build.0 = Release|Any CPU
		{8DE06E45-6435-4BD2-A88D-5B3C17188875}.Release|x86.ActiveCfg = Release|Any CPU
		{8DE06E45-6435-4BD2-A88D-5B3C17188875}.Release|x86.Build.0 = Release|Any CPU
		{1615BD56-7A07-47D4-9E13-52E6E0599A57}.Debug|Any CPU.ActiveCfg = Debug|Any CPU
		{1615BD56-7A07-47D4-9E13-52E6E0599A57}.Debug|Any CPU.Build.0 = Debug|Any CPU
		{1615BD56-7A07-47D4-9E13-52E6E0599A57}.Debug|x64.ActiveCfg = Debug|Any CPU
		{1615BD56-7A07-47D4-9E13-52E6E0599A57}.Debug|x64.Build.0 = Debug|Any CPU
		{1615BD56-7A07-47D4-9E13-52E6E0599A57}.Debug|x86.ActiveCfg = Debug|Any CPU
		{1615BD56-7A07-47D4-9E13-52E6E0599A57}.Debug|x86.Build.0 = Debug|Any CPU
		{1615BD56-7A07-47D4-9E13-52E6E0599A57}.Release|Any CPU.ActiveCfg = Release|Any CPU
		{1615BD56-7A07-47D4-9E13-52E6E0599A57}.Release|Any CPU.Build.0 = Release|Any CPU
		{1615BD56-7A07-47D4-9E13-52E6E0599A57}.Release|x64.ActiveCfg = Release|Any CPU
		{1615BD56-7A07-47D4-9E13-52E6E0599A57}.Release|x64.Build.0 = Release|Any CPU
		{1615BD56-7A07-47D4-9E13-52E6E0599A57}.Release|x86.ActiveCfg = Release|Any CPU
		{1615BD56-7A07-47D4-9E13-52E6E0599A57}.Release|x86.Build.0 = Release|Any CPU
		{F486F67F-5163-49E1-9DCF-0B6B3EF662E5}.Debug|Any CPU.ActiveCfg = Debug|Win32
		{F486F67F-5163-49E1-9DCF-0B6B3EF662E5}.Debug|x64.ActiveCfg = Debug|x64
		{F486F67F-5163-49E1-9DCF-0B6B3EF662E5}.Debug|x64.Build.0 = Debug|x64
		{F486F67F-5163-49E1-9DCF-0B6B3EF662E5}.Debug|x86.ActiveCfg = Debug|Win32
		{F486F67F-5163-49E1-9DCF-0B6B3EF662E5}.Debug|x86.Build.0 = Debug|Win32
		{F486F67F-5163-49E1-9DCF-0B6B3EF662E5}.Release|Any CPU.ActiveCfg = Release|Win32
		{F486F67F-5163-49E1-9DCF-0B6B3EF662E5}.Release|x64.ActiveCfg = Release|x64
		{F486F67F-5163-49E1-9DCF-0B6B3EF662E5}.Release|x64.Build.0 = Release|x64
		{F486F67F-5163-49E1-9DCF-0B6B3EF662E5}.Release|x86.ActiveCfg = Release|Win32
		{F486F67F-5163-49E1-9DCF-0B6B3EF662E5}.Release|x86.Build.0 = Release|Win32
		{EB661CD4-1B69-4F72-8731-0A3E4525F7B8}.Debug|Any CPU.ActiveCfg = Debug|Any CPU
		{EB661CD4-1B69-4F72-8731-0A3E4525F7B8}.Debug|Any CPU.Build.0 = Debug|Any CPU
		{EB661CD4-1B69-4F72-8731-0A3E4525F7B8}.Debug|x64.ActiveCfg = Debug|Any CPU
		{EB661CD4-1B69-4F72-8731-0A3E4525F7B8}.Debug|x64.Build.0 = Debug|Any CPU
		{EB661CD4-1B69-4F72-8731-0A3E4525F7B8}.Debug|x86.ActiveCfg = Debug|Any CPU
		{EB661CD4-1B69-4F72-8731-0A3E4525F7B8}.Debug|x86.Build.0 = Debug|Any CPU
		{EB661CD4-1B69-4F72-8731-0A3E4525F7B8}.Release|Any CPU.ActiveCfg = Release|Any CPU
		{EB661CD4-1B69-4F72-8731-0A3E4525F7B8}.Release|Any CPU.Build.0 = Release|Any CPU
		{EB661CD4-1B69-4F72-8731-0A3E4525F7B8}.Release|x64.ActiveCfg = Release|Any CPU
		{EB661CD4-1B69-4F72-8731-0A3E4525F7B8}.Release|x64.Build.0 = Release|Any CPU
		{EB661CD4-1B69-4F72-8731-0A3E4525F7B8}.Release|x86.ActiveCfg = Release|Any CPU
		{EB661CD4-1B69-4F72-8731-0A3E4525F7B8}.Release|x86.Build.0 = Release|Any CPU
	EndGlobalSection
	GlobalSection(SolutionProperties) = preSolution
		HideSolutionNode = FALSE
	EndGlobalSection
EndGlobal
